{
  "version": 4,
  "terraform_version": "1.7.0",
  "serial": 48,
  "lineage": "435b2a0b-6e88-0ded-394c-d089d84c4ce6",
  "outputs": {},
  "resources": [
    {
      "mode": "data",
      "type": "azurerm_client_config",
      "name": "current",
      "provider": "provider[\"registry.terraform.io/hashicorp/azurerm\"]",
      "instances": [
        {
          "schema_version": 0,
          "attributes": {
            "client_id": "04b07795-8ddb-461a-bbee-02f9e1bf7b46",
            "id": "Y2xpZW50Q29uZmlncy9jbGllbnRJZD0wNGIwNzc5NS04ZGRiLTQ2MWEtYmJlZS0wMmY5ZTFiZjdiNDY7b2JqZWN0SWQ9YjNhYzMxYWEtYmZmMC00NmZhLWJjNWYtNDAxMjI4ZGU4YTNkO3N1YnNjcmlwdGlvbklkPTkxMzJjZDc5LTI1ZWUtNDdiYS1hYjkyLWQ0YjgzYTE0NmIyMTt0ZW5hbnRJZD01NDQyY2EwYi1mOWQ0LTRlMmUtOTI4Yy05ZGVjZThkZTcwMTQ=",
            "object_id": "b3ac31aa-bff0-46fa-bc5f-401228de8a3d",
            "subscription_id": "9132cd79-25ee-47ba-ab92-d4b83a146b21",
            "tenant_id": "5442ca0b-f9d4-4e2e-928c-9dece8de7014",
            "timeouts": null
          },
          "sensitive_attributes": []
        }
      ]
    },
    {
      "mode": "managed",
      "type": "azurerm_application_insights",
      "name": "ai",
      "provider": "provider[\"registry.terraform.io/hashicorp/azurerm\"]",
      "instances": [
        {
          "schema_version": 1,
          "attributes": {
            "app_id": "5e3fa263-6942-4494-8426-15fccf1a3a18",
            "application_type": "web",
            "connection_string": "InstrumentationKey=5bcdf4b5-5aa1-4dbc-a83e-06cdbdac9a50;IngestionEndpoint=https://eastus2-3.in.applicationinsights.azure.com/;LiveEndpoint=https://eastus2.livediagnostics.monitor.azure.com/",
            "daily_data_cap_in_gb": 100,
            "daily_data_cap_notifications_disabled": false,
            "disable_ip_masking": false,
            "force_customer_storage_for_profiler": false,
            "id": "/subscriptions/9132cd79-25ee-47ba-ab92-d4b83a146b21/resourceGroups/rg-thymond-test/providers/Microsoft.Insights/components/ai-thymond-poc-eus2",
            "instrumentation_key": "5bcdf4b5-5aa1-4dbc-a83e-06cdbdac9a50",
            "internet_ingestion_enabled": true,
            "internet_query_enabled": true,
            "local_authentication_disabled": false,
            "location": "eastus2",
            "name": "ai-thymond-poc-eus2",
            "resource_group_name": "rg-thymond-test",
            "retention_in_days": 90,
            "sampling_percentage": 100,
            "tags": {},
            "timeouts": null,
            "workspace_id": "/subscriptions/9132cd79-25ee-47ba-ab92-d4b83a146b21/resourceGroups/DefaultResourceGroup-EUS2/providers/Microsoft.OperationalInsights/workspaces/DefaultWorkspace-9132cd79-25ee-47ba-ab92-d4b83a146b21-EUS2"
          },
          "sensitive_attributes": [],
          "private": "eyJlMmJmYjczMC1lY2FhLTExZTYtOGY4OC0zNDM2M2JjN2M0YzAiOnsiY3JlYXRlIjozNjAwMDAwMDAwMDAwLCJkZWxldGUiOjE4MDAwMDAwMDAwMDAsInJlYWQiOjMwMDAwMDAwMDAwMCwidXBkYXRlIjoxODAwMDAwMDAwMDAwfSwic2NoZW1hX3ZlcnNpb24iOiIxIn0=",
          "dependencies": [
            "azurerm_resource_group.rg"
          ]
        }
      ]
    },
    {
      "mode": "managed",
      "type": "azurerm_private_dns_zone",
      "name": "blob_dns_zone",
      "provider": "provider[\"registry.terraform.io/hashicorp/azurerm\"]",
      "instances": [
        {
          "schema_version": 0,
          "attributes": {
            "id": "/subscriptions/9132cd79-25ee-47ba-ab92-d4b83a146b21/resourceGroups/rg-thymond-test/providers/Microsoft.Network/privateDnsZones/privatelink.blob.core.windows.net",
            "max_number_of_record_sets": 25000,
            "max_number_of_virtual_network_links": 1000,
            "max_number_of_virtual_network_links_with_registration": 100,
            "name": "privatelink.blob.core.windows.net",
            "number_of_record_sets": 3,
            "resource_group_name": "rg-thymond-test",
            "soa_record": [
              {
                "email": "azureprivatedns-host.microsoft.com",
                "expire_time": 2419200,
                "fqdn": "privatelink.blob.core.windows.net.",
                "host_name": "azureprivatedns.net",
                "minimum_ttl": 10,
                "refresh_time": 3600,
                "retry_time": 300,
                "serial_number": 1,
                "tags": {},
                "ttl": 3600
              }
            ],
            "tags": {},
            "timeouts": null
          },
          "sensitive_attributes": [],
          "private": "eyJlMmJmYjczMC1lY2FhLTExZTYtOGY4OC0zNDM2M2JjN2M0YzAiOnsiY3JlYXRlIjoxODAwMDAwMDAwMDAwLCJkZWxldGUiOjE4MDAwMDAwMDAwMDAsInJlYWQiOjMwMDAwMDAwMDAwMCwidXBkYXRlIjoxODAwMDAwMDAwMDAwfX0=",
          "dependencies": [
            "azurerm_resource_group.rg"
          ]
        }
      ]
    },
    {
      "mode": "managed",
      "type": "azurerm_private_dns_zone",
      "name": "file_dns_zone",
      "provider": "provider[\"registry.terraform.io/hashicorp/azurerm\"]",
      "instances": [
        {
          "schema_version": 0,
          "attributes": {
            "id": "/subscriptions/9132cd79-25ee-47ba-ab92-d4b83a146b21/resourceGroups/rg-thymond-test/providers/Microsoft.Network/privateDnsZones/privatelink.file.core.windows.net",
            "max_number_of_record_sets": 25000,
            "max_number_of_virtual_network_links": 1000,
            "max_number_of_virtual_network_links_with_registration": 100,
            "name": "privatelink.file.core.windows.net",
            "number_of_record_sets": 3,
            "resource_group_name": "rg-thymond-test",
            "soa_record": [
              {
                "email": "azureprivatedns-host.microsoft.com",
                "expire_time": 2419200,
                "fqdn": "privatelink.file.core.windows.net.",
                "host_name": "azureprivatedns.net",
                "minimum_ttl": 10,
                "refresh_time": 3600,
                "retry_time": 300,
                "serial_number": 1,
                "tags": {},
                "ttl": 3600
              }
            ],
            "tags": {},
            "timeouts": null
          },
          "sensitive_attributes": [],
          "private": "eyJlMmJmYjczMC1lY2FhLTExZTYtOGY4OC0zNDM2M2JjN2M0YzAiOnsiY3JlYXRlIjoxODAwMDAwMDAwMDAwLCJkZWxldGUiOjE4MDAwMDAwMDAwMDAsInJlYWQiOjMwMDAwMDAwMDAwMCwidXBkYXRlIjoxODAwMDAwMDAwMDAwfX0=",
          "dependencies": [
            "azurerm_resource_group.rg"
          ]
        }
      ]
    },
    {
      "mode": "managed",
      "type": "azurerm_private_dns_zone",
      "name": "site_dns_zone",
      "provider": "provider[\"registry.terraform.io/hashicorp/azurerm\"]",
      "instances": [
        {
          "schema_version": 0,
          "attributes": {
            "id": "/subscriptions/9132cd79-25ee-47ba-ab92-d4b83a146b21/resourceGroups/rg-thymond-test/providers/Microsoft.Network/privateDnsZones/privatelink.azurewebsites.net",
            "max_number_of_record_sets": 25000,
            "max_number_of_virtual_network_links": 1000,
            "max_number_of_virtual_network_links_with_registration": 100,
            "name": "privatelink.azurewebsites.net",
            "number_of_record_sets": 1,
            "resource_group_name": "rg-thymond-test",
            "soa_record": [
              {
                "email": "azureprivatedns-host.microsoft.com",
                "expire_time": 2419200,
                "fqdn": "privatelink.azurewebsites.net.",
                "host_name": "azureprivatedns.net",
                "minimum_ttl": 10,
                "refresh_time": 3600,
                "retry_time": 300,
                "serial_number": 1,
                "tags": {},
                "ttl": 3600
              }
            ],
            "tags": {},
            "timeouts": null
          },
          "sensitive_attributes": [],
          "private": "eyJlMmJmYjczMC1lY2FhLTExZTYtOGY4OC0zNDM2M2JjN2M0YzAiOnsiY3JlYXRlIjoxODAwMDAwMDAwMDAwLCJkZWxldGUiOjE4MDAwMDAwMDAwMDAsInJlYWQiOjMwMDAwMDAwMDAwMCwidXBkYXRlIjoxODAwMDAwMDAwMDAwfX0=",
          "dependencies": [
            "azurerm_resource_group.rg"
          ]
        }
      ]
    },
    {
      "mode": "managed",
      "type": "azurerm_private_dns_zone",
      "name": "vault_dns_zone",
      "provider": "provider[\"registry.terraform.io/hashicorp/azurerm\"]",
      "instances": [
        {
          "schema_version": 0,
          "attributes": {
            "id": "/subscriptions/9132cd79-25ee-47ba-ab92-d4b83a146b21/resourceGroups/rg-thymond-test/providers/Microsoft.Network/privateDnsZones/privatelink.vaultcore.azure.net",
            "max_number_of_record_sets": 25000,
            "max_number_of_virtual_network_links": 1000,
            "max_number_of_virtual_network_links_with_registration": 100,
            "name": "privatelink.vaultcore.azure.net",
            "number_of_record_sets": 1,
            "resource_group_name": "rg-thymond-test",
            "soa_record": [
              {
                "email": "azureprivatedns-host.microsoft.com",
                "expire_time": 2419200,
                "fqdn": "privatelink.vaultcore.azure.net.",
                "host_name": "azureprivatedns.net",
                "minimum_ttl": 10,
                "refresh_time": 3600,
                "retry_time": 300,
                "serial_number": 1,
                "tags": {},
                "ttl": 3600
              }
            ],
            "tags": {},
            "timeouts": null
          },
          "sensitive_attributes": [],
          "private": "eyJlMmJmYjczMC1lY2FhLTExZTYtOGY4OC0zNDM2M2JjN2M0YzAiOnsiY3JlYXRlIjoxODAwMDAwMDAwMDAwLCJkZWxldGUiOjE4MDAwMDAwMDAwMDAsInJlYWQiOjMwMDAwMDAwMDAwMCwidXBkYXRlIjoxODAwMDAwMDAwMDAwfX0=",
          "dependencies": [
            "azurerm_resource_group.rg"
          ]
        }
      ]
    },
    {
      "mode": "managed",
      "type": "azurerm_private_endpoint",
      "name": "logicapp_blob_pe",
      "provider": "provider[\"registry.terraform.io/hashicorp/azurerm\"]",
      "instances": [
        {
          "schema_version": 0,
          "attributes": {
            "custom_dns_configs": [],
            "custom_network_interface_name": "stolapprhympoceus2-blob-pe-nic",
            "id": "/subscriptions/9132cd79-25ee-47ba-ab92-d4b83a146b21/resourceGroups/rg-thymond-test/providers/Microsoft.Network/privateEndpoints/stolapprhympoceus2-blob-pe",
            "ip_configuration": [],
            "location": "eastus2",
            "name": "stolapprhympoceus2-blob-pe",
            "network_interface": [
              {
                "id": "/subscriptions/9132cd79-25ee-47ba-ab92-d4b83a146b21/resourceGroups/rg-thymond-test/providers/Microsoft.Network/networkInterfaces/stolapprhympoceus2-blob-pe-nic",
                "name": "stolapprhympoceus2-blob-pe-nic"
              }
            ],
            "private_dns_zone_configs": [
              {
                "id": "/subscriptions/9132cd79-25ee-47ba-ab92-d4b83a146b21/resourceGroups/rg-thymond-test/providers/Microsoft.Network/privateEndpoints/stolapprhympoceus2-blob-pe/privateDnsZoneGroups/default/privateDnsZoneConfigs/privatelink.blob.core.windows.net",
                "name": "privatelink.blob.core.windows.net",
                "private_dns_zone_id": "/subscriptions/9132cd79-25ee-47ba-ab92-d4b83a146b21/resourceGroups/rg-thymond-test/providers/Microsoft.Network/privateDnsZones/privatelink.blob.core.windows.net",
                "record_sets": [
                  {
                    "fqdn": "stolapprhympoceus2.privatelink.blob.core.windows.net",
                    "ip_addresses": [
                      "172.16.0.69"
                    ],
                    "name": "stolapprhympoceus2",
                    "ttl": 10,
                    "type": "A"
                  }
                ]
              }
            ],
            "private_dns_zone_group": [
              {
                "id": "/subscriptions/9132cd79-25ee-47ba-ab92-d4b83a146b21/resourceGroups/rg-thymond-test/providers/Microsoft.Network/privateEndpoints/stolapprhympoceus2-blob-pe/privateDnsZoneGroups/default",
                "name": "default",
                "private_dns_zone_ids": [
                  "/subscriptions/9132cd79-25ee-47ba-ab92-d4b83a146b21/resourceGroups/rg-thymond-test/providers/Microsoft.Network/privateDnsZones/privatelink.blob.core.windows.net"
                ]
              }
            ],
            "private_service_connection": [
              {
                "is_manual_connection": false,
                "name": "stolapprhympoceus2-blob-pe",
                "private_connection_resource_alias": "",
                "private_connection_resource_id": "/subscriptions/9132cd79-25ee-47ba-ab92-d4b83a146b21/resourceGroups/rg-thymond-test/providers/Microsoft.Storage/storageAccounts/stolapprhympoceus2",
                "private_ip_address": "172.16.0.69",
                "request_message": "",
                "subresource_names": [
                  "blob"
                ]
              }
            ],
            "resource_group_name": "rg-thymond-test",
            "subnet_id": "/subscriptions/9132cd79-25ee-47ba-ab92-d4b83a146b21/resourceGroups/rg-thymond-test/providers/Microsoft.Network/virtualNetworks/vnet-rhym-poc-eus2/subnets/private-snet",
            "tags": {},
            "timeouts": null
          },
          "sensitive_attributes": [],
          "private": "eyJlMmJmYjczMC1lY2FhLTExZTYtOGY4OC0zNDM2M2JjN2M0YzAiOnsiY3JlYXRlIjozNjAwMDAwMDAwMDAwLCJkZWxldGUiOjM2MDAwMDAwMDAwMDAsInJlYWQiOjMwMDAwMDAwMDAwMCwidXBkYXRlIjozNjAwMDAwMDAwMDAwfX0=",
          "dependencies": [
            "azurerm_private_dns_zone.blob_dns_zone",
            "azurerm_resource_group.rg",
            "azurerm_storage_account.logicapp_storage_account",
            "azurerm_subnet.app_snet",
            "azurerm_subnet.private_snet",
            "azurerm_virtual_network.vnet"
          ]
        }
      ]
    },
    {
      "mode": "managed",
      "type": "azurerm_private_endpoint",
      "name": "logicapp_file_pe",
      "provider": "provider[\"registry.terraform.io/hashicorp/azurerm\"]",
      "instances": [
        {
          "schema_version": 0,
          "attributes": {
            "custom_dns_configs": [],
            "custom_network_interface_name": "stolapprhympoceus2-file-pe-nic",
            "id": "/subscriptions/9132cd79-25ee-47ba-ab92-d4b83a146b21/resourceGroups/rg-thymond-test/providers/Microsoft.Network/privateEndpoints/stolapprhympoceus2-file-pe",
            "ip_configuration": [],
            "location": "eastus2",
            "name": "stolapprhympoceus2-file-pe",
            "network_interface": [
              {
                "id": "/subscriptions/9132cd79-25ee-47ba-ab92-d4b83a146b21/resourceGroups/rg-thymond-test/providers/Microsoft.Network/networkInterfaces/stolapprhympoceus2-file-pe-nic",
                "name": "stolapprhympoceus2-file-pe-nic"
              }
            ],
            "private_dns_zone_configs": [
              {
                "id": "/subscriptions/9132cd79-25ee-47ba-ab92-d4b83a146b21/resourceGroups/rg-thymond-test/providers/Microsoft.Network/privateEndpoints/stolapprhympoceus2-file-pe/privateDnsZoneGroups/default/privateDnsZoneConfigs/privatelink.file.core.windows.net",
                "name": "privatelink.file.core.windows.net",
                "private_dns_zone_id": "/subscriptions/9132cd79-25ee-47ba-ab92-d4b83a146b21/resourceGroups/rg-thymond-test/providers/Microsoft.Network/privateDnsZones/privatelink.file.core.windows.net",
                "record_sets": [
                  {
                    "fqdn": "stolapprhympoceus2.privatelink.file.core.windows.net",
                    "ip_addresses": [
                      "172.16.0.68"
                    ],
                    "name": "stolapprhympoceus2",
                    "ttl": 10,
                    "type": "A"
                  }
                ]
              }
            ],
            "private_dns_zone_group": [
              {
                "id": "/subscriptions/9132cd79-25ee-47ba-ab92-d4b83a146b21/resourceGroups/rg-thymond-test/providers/Microsoft.Network/privateEndpoints/stolapprhympoceus2-file-pe/privateDnsZoneGroups/default",
                "name": "default",
                "private_dns_zone_ids": [
                  "/subscriptions/9132cd79-25ee-47ba-ab92-d4b83a146b21/resourceGroups/rg-thymond-test/providers/Microsoft.Network/privateDnsZones/privatelink.file.core.windows.net"
                ]
              }
            ],
            "private_service_connection": [
              {
                "is_manual_connection": false,
                "name": "stolapprhympoceus2-file-pe",
                "private_connection_resource_alias": "",
                "private_connection_resource_id": "/subscriptions/9132cd79-25ee-47ba-ab92-d4b83a146b21/resourceGroups/rg-thymond-test/providers/Microsoft.Storage/storageAccounts/stolapprhympoceus2",
                "private_ip_address": "172.16.0.68",
                "request_message": "",
                "subresource_names": [
                  "file"
                ]
              }
            ],
            "resource_group_name": "rg-thymond-test",
            "subnet_id": "/subscriptions/9132cd79-25ee-47ba-ab92-d4b83a146b21/resourceGroups/rg-thymond-test/providers/Microsoft.Network/virtualNetworks/vnet-rhym-poc-eus2/subnets/private-snet",
            "tags": {},
            "timeouts": null
          },
          "sensitive_attributes": [],
          "private": "eyJlMmJmYjczMC1lY2FhLTExZTYtOGY4OC0zNDM2M2JjN2M0YzAiOnsiY3JlYXRlIjozNjAwMDAwMDAwMDAwLCJkZWxldGUiOjM2MDAwMDAwMDAwMDAsInJlYWQiOjMwMDAwMDAwMDAwMCwidXBkYXRlIjozNjAwMDAwMDAwMDAwfX0=",
          "dependencies": [
            "azurerm_private_dns_zone.file_dns_zone",
            "azurerm_resource_group.rg",
            "azurerm_storage_account.logicapp_storage_account",
            "azurerm_subnet.app_snet",
            "azurerm_subnet.private_snet",
            "azurerm_virtual_network.vnet"
          ]
        }
      ]
    },
    {
      "mode": "managed",
      "type": "azurerm_resource_group",
      "name": "rg",
      "provider": "provider[\"registry.terraform.io/hashicorp/azurerm\"]",
      "instances": [
        {
          "schema_version": 0,
          "attributes": {
            "id": "/subscriptions/9132cd79-25ee-47ba-ab92-d4b83a146b21/resourceGroups/rg-thymond-test",
            "location": "eastus2",
            "managed_by": "",
            "name": "rg-thymond-test",
            "tags": {},
            "timeouts": null
          },
          "sensitive_attributes": [],
          "private": "eyJlMmJmYjczMC1lY2FhLTExZTYtOGY4OC0zNDM2M2JjN2M0YzAiOnsiY3JlYXRlIjo1NDAwMDAwMDAwMDAwLCJkZWxldGUiOjU0MDAwMDAwMDAwMDAsInJlYWQiOjMwMDAwMDAwMDAwMCwidXBkYXRlIjo1NDAwMDAwMDAwMDAwfX0="
        }
      ]
    },
    {
      "mode": "managed",
      "type": "azurerm_service_plan",
      "name": "logicapp_plan",
      "provider": "provider[\"registry.terraform.io/hashicorp/azurerm\"]",
      "instances": [
        {
          "schema_version": 0,
          "attributes": {
            "app_service_environment_id": "",
            "id": "/subscriptions/9132cd79-25ee-47ba-ab92-d4b83a146b21/resourceGroups/rg-thymond-test/providers/Microsoft.Web/serverfarms/lapp-plan-rhym-poc-eus2",
            "kind": "elastic",
            "location": "eastus2",
            "maximum_elastic_worker_count": 20,
            "name": "lapp-plan-rhym-poc-eus2",
            "os_type": "Windows",
            "per_site_scaling_enabled": false,
            "reserved": false,
            "resource_group_name": "rg-thymond-test",
            "sku_name": "WS1",
            "tags": {},
            "timeouts": null,
            "worker_count": 1,
            "zone_balancing_enabled": false
          },
          "sensitive_attributes": [],
          "private": "eyJlMmJmYjczMC1lY2FhLTExZTYtOGY4OC0zNDM2M2JjN2M0YzAiOnsiY3JlYXRlIjozNjAwMDAwMDAwMDAwLCJkZWxldGUiOjM2MDAwMDAwMDAwMDAsInJlYWQiOjMwMDAwMDAwMDAwMCwidXBkYXRlIjozNjAwMDAwMDAwMDAwfX0=",
          "dependencies": [
            "azurerm_resource_group.rg"
          ]
        }
      ]
    },
    {
      "mode": "managed",
      "type": "azurerm_storage_account",
      "name": "logicapp_storage_account",
      "provider": "provider[\"registry.terraform.io/hashicorp/azurerm\"]",
      "instances": [
        {
          "schema_version": 4,
          "attributes": {
            "access_tier": "Hot",
            "account_kind": "StorageV2",
            "account_replication_type": "LRS",
            "account_tier": "Standard",
            "allow_nested_items_to_be_public": true,
            "allowed_copy_scope": "",
            "azure_files_authentication": [],
            "blob_properties": [
              {
                "change_feed_enabled": false,
                "change_feed_retention_in_days": 0,
                "container_delete_retention_policy": [],
                "cors_rule": [],
                "default_service_version": "",
                "delete_retention_policy": [],
                "last_access_time_enabled": false,
                "restore_policy": [],
                "versioning_enabled": false
              }
            ],
            "cross_tenant_replication_enabled": true,
            "custom_domain": [],
            "customer_managed_key": [],
            "default_to_oauth_authentication": false,
            "edge_zone": "",
            "enable_https_traffic_only": true,
            "id": "/subscriptions/9132cd79-25ee-47ba-ab92-d4b83a146b21/resourceGroups/rg-thymond-test/providers/Microsoft.Storage/storageAccounts/stolapprhympoceus2",
            "identity": [],
            "immutability_policy": [],
            "infrastructure_encryption_enabled": false,
            "is_hns_enabled": false,
            "large_file_share_enabled": null,
            "location": "eastus2",
            "min_tls_version": "TLS1_2",
            "name": "stolapprhympoceus2",
            "network_rules": [
              {
                "bypass": [
                  "AzureServices"
                ],
                "default_action": "Deny",
                "ip_rules": [
                  "107.11.39.5"
                ],
                "private_link_access": [],
                "virtual_network_subnet_ids": [
                  "/subscriptions/9132cd79-25ee-47ba-ab92-d4b83a146b21/resourceGroups/rg-thymond-test/providers/Microsoft.Network/virtualNetworks/vnet-rhym-poc-eus2/subnets/app-snet"
                ]
              }
            ],
            "nfsv3_enabled": false,
            "primary_access_key": "6moUEcdpHAjFfkeOm4+BsjWRmKGzW/qMGERoo3GULwNIjOLKXjkNXsdftXPugUTfu2gw6vHoyPgS+AStFtlMCA==",
            "primary_blob_connection_string": "DefaultEndpointsProtocol=https;BlobEndpoint=https://stolapprhympoceus2.blob.core.windows.net/;AccountName=stolapprhympoceus2;AccountKey=6moUEcdpHAjFfkeOm4+BsjWRmKGzW/qMGERoo3GULwNIjOLKXjkNXsdftXPugUTfu2gw6vHoyPgS+AStFtlMCA==",
            "primary_blob_endpoint": "https://stolapprhympoceus2.blob.core.windows.net/",
            "primary_blob_host": "stolapprhympoceus2.blob.core.windows.net",
            "primary_connection_string": "DefaultEndpointsProtocol=https;AccountName=stolapprhympoceus2;AccountKey=6moUEcdpHAjFfkeOm4+BsjWRmKGzW/qMGERoo3GULwNIjOLKXjkNXsdftXPugUTfu2gw6vHoyPgS+AStFtlMCA==;EndpointSuffix=core.windows.net",
            "primary_dfs_endpoint": "https://stolapprhympoceus2.dfs.core.windows.net/",
            "primary_dfs_host": "stolapprhympoceus2.dfs.core.windows.net",
            "primary_file_endpoint": "https://stolapprhympoceus2.file.core.windows.net/",
            "primary_file_host": "stolapprhympoceus2.file.core.windows.net",
            "primary_location": "eastus2",
            "primary_queue_endpoint": "https://stolapprhympoceus2.queue.core.windows.net/",
            "primary_queue_host": "stolapprhympoceus2.queue.core.windows.net",
            "primary_table_endpoint": "https://stolapprhympoceus2.table.core.windows.net/",
            "primary_table_host": "stolapprhympoceus2.table.core.windows.net",
            "primary_web_endpoint": "https://stolapprhympoceus2.z20.web.core.windows.net/",
            "primary_web_host": "stolapprhympoceus2.z20.web.core.windows.net",
            "public_network_access_enabled": true,
            "queue_encryption_key_type": "Service",
            "queue_properties": [
              {
                "cors_rule": [],
                "hour_metrics": [
                  {
                    "enabled": true,
                    "include_apis": true,
                    "retention_policy_days": 7,
                    "version": "1.0"
                  }
                ],
                "logging": [
                  {
                    "delete": false,
                    "read": false,
                    "retention_policy_days": 0,
                    "version": "1.0",
                    "write": false
                  }
                ],
                "minute_metrics": [
                  {
                    "enabled": false,
                    "include_apis": false,
                    "retention_policy_days": 0,
                    "version": "1.0"
                  }
                ]
              }
            ],
            "resource_group_name": "rg-thymond-test",
            "routing": [],
            "sas_policy": [],
            "secondary_access_key": "MuTo9UtCPGXeh7rJsG/mhSLFxmWT8H8GRO5FbBBpFRX7hwRZl/ZZQqIQCDU6C/7t2t53179kx+Ro+AStkPfmDQ==",
            "secondary_blob_connection_string": "",
            "secondary_blob_endpoint": null,
            "secondary_blob_host": null,
            "secondary_connection_string": "DefaultEndpointsProtocol=https;AccountName=stolapprhympoceus2;AccountKey=MuTo9UtCPGXeh7rJsG/mhSLFxmWT8H8GRO5FbBBpFRX7hwRZl/ZZQqIQCDU6C/7t2t53179kx+Ro+AStkPfmDQ==;EndpointSuffix=core.windows.net",
            "secondary_dfs_endpoint": null,
            "secondary_dfs_host": null,
            "secondary_file_endpoint": null,
            "secondary_file_host": null,
            "secondary_location": "",
            "secondary_queue_endpoint": null,
            "secondary_queue_host": null,
            "secondary_table_endpoint": null,
            "secondary_table_host": null,
            "secondary_web_endpoint": null,
            "secondary_web_host": null,
            "sftp_enabled": false,
            "share_properties": [
              {
                "cors_rule": [],
                "retention_policy": [
                  {
                    "days": 7
                  }
                ],
                "smb": []
              }
            ],
            "shared_access_key_enabled": true,
            "static_website": [],
            "table_encryption_key_type": "Service",
            "tags": {},
            "timeouts": null
          },
          "sensitive_attributes": [],
          "private": "eyJlMmJmYjczMC1lY2FhLTExZTYtOGY4OC0zNDM2M2JjN2M0YzAiOnsiY3JlYXRlIjozNjAwMDAwMDAwMDAwLCJkZWxldGUiOjM2MDAwMDAwMDAwMDAsInJlYWQiOjMwMDAwMDAwMDAwMCwidXBkYXRlIjozNjAwMDAwMDAwMDAwfSwic2NoZW1hX3ZlcnNpb24iOiI0In0=",
          "dependencies": [
            "azurerm_resource_group.rg",
            "azurerm_subnet.app_snet",
            "azurerm_virtual_network.vnet"
          ]
        }
      ]
    },
    {
      "mode": "managed",
      "type": "azurerm_storage_share",
      "name": "logicapp_file_share",
      "provider": "provider[\"registry.terraform.io/hashicorp/azurerm\"]",
      "instances": [
        {
          "schema_version": 2,
          "attributes": {
            "access_tier": "TransactionOptimized",
            "acl": [],
            "enabled_protocol": "SMB",
            "id": "https://stolapprhympoceus2.file.core.windows.net/lapp4-rhym-poc-eus2-content",
            "metadata": {},
            "name": "lapp4-rhym-poc-eus2-content",
            "quota": 50,
            "resource_manager_id": "/subscriptions/9132cd79-25ee-47ba-ab92-d4b83a146b21/resourceGroups/rg-thymond-test/providers/Microsoft.Storage/storageAccounts/stolapprhympoceus2/fileServices/default/fileshares/lapp4-rhym-poc-eus2-content",
            "storage_account_name": "stolapprhympoceus2",
            "timeouts": null,
            "url": "https://stolapprhympoceus2.file.core.windows.net/lapp4-rhym-poc-eus2-content"
          },
          "sensitive_attributes": [],
          "private": "eyJlMmJmYjczMC1lY2FhLTExZTYtOGY4OC0zNDM2M2JjN2M0YzAiOnsiY3JlYXRlIjoxODAwMDAwMDAwMDAwLCJkZWxldGUiOjE4MDAwMDAwMDAwMDAsInJlYWQiOjMwMDAwMDAwMDAwMCwidXBkYXRlIjoxODAwMDAwMDAwMDAwfSwic2NoZW1hX3ZlcnNpb24iOiIyIn0=",
          "dependencies": [
            "azurerm_resource_group.rg",
            "azurerm_storage_account.logicapp_storage_account",
            "azurerm_subnet.app_snet",
            "azurerm_virtual_network.vnet"
          ]
        }
      ]
    },
    {
      "mode": "managed",
      "type": "azurerm_subnet",
      "name": "app_snet",
      "provider": "provider[\"registry.terraform.io/hashicorp/azurerm\"]",
      "instances": [
        {
          "schema_version": 0,
          "attributes": {
            "address_prefixes": [
              "172.16.0.0/26"
            ],
            "delegation": [
              {
                "name": "Microsoft.Web.serverFarms",
                "service_delegation": [
                  {
                    "actions": [
                      "Microsoft.Network/virtualNetworks/subnets/action"
                    ],
                    "name": "Microsoft.Web/serverFarms"
                  }
                ]
              }
            ],
            "enforce_private_link_endpoint_network_policies": true,
            "enforce_private_link_service_network_policies": false,
            "id": "/subscriptions/9132cd79-25ee-47ba-ab92-d4b83a146b21/resourceGroups/rg-thymond-test/providers/Microsoft.Network/virtualNetworks/vnet-rhym-poc-eus2/subnets/app-snet",
            "name": "app-snet",
            "private_endpoint_network_policies_enabled": false,
            "private_link_service_network_policies_enabled": true,
            "resource_group_name": "rg-thymond-test",
            "service_endpoint_policy_ids": [],
            "service_endpoints": [
              "Microsoft.AzureActiveDirectory",
              "Microsoft.KeyVault",
              "Microsoft.Storage",
              "Microsoft.Web"
            ],
            "timeouts": null,
            "virtual_network_name": "vnet-rhym-poc-eus2"
          },
          "sensitive_attributes": [],
          "private": "eyJlMmJmYjczMC1lY2FhLTExZTYtOGY4OC0zNDM2M2JjN2M0YzAiOnsiY3JlYXRlIjoxODAwMDAwMDAwMDAwLCJkZWxldGUiOjE4MDAwMDAwMDAwMDAsInJlYWQiOjMwMDAwMDAwMDAwMCwidXBkYXRlIjoxODAwMDAwMDAwMDAwfX0=",
          "dependencies": [
            "azurerm_resource_group.rg",
            "azurerm_virtual_network.vnet"
          ]
        }
      ]
    },
    {
      "mode": "managed",
      "type": "azurerm_subnet",
      "name": "private_snet",
      "provider": "provider[\"registry.terraform.io/hashicorp/azurerm\"]",
      "instances": [
        {
          "schema_version": 0,
          "attributes": {
            "address_prefixes": [
              "172.16.0.64/26"
            ],
            "delegation": [],
            "enforce_private_link_endpoint_network_policies": true,
            "enforce_private_link_service_network_policies": false,
            "id": "/subscriptions/9132cd79-25ee-47ba-ab92-d4b83a146b21/resourceGroups/rg-thymond-test/providers/Microsoft.Network/virtualNetworks/vnet-rhym-poc-eus2/subnets/private-snet",
            "name": "private-snet",
            "private_endpoint_network_policies_enabled": false,
            "private_link_service_network_policies_enabled": true,
            "resource_group_name": "rg-thymond-test",
            "service_endpoint_policy_ids": [],
            "service_endpoints": [
              "Microsoft.KeyVault",
              "Microsoft.Storage",
              "Microsoft.Web"
            ],
            "timeouts": null,
            "virtual_network_name": "vnet-rhym-poc-eus2"
          },
          "sensitive_attributes": [],
          "private": "eyJlMmJmYjczMC1lY2FhLTExZTYtOGY4OC0zNDM2M2JjN2M0YzAiOnsiY3JlYXRlIjoxODAwMDAwMDAwMDAwLCJkZWxldGUiOjE4MDAwMDAwMDAwMDAsInJlYWQiOjMwMDAwMDAwMDAwMCwidXBkYXRlIjoxODAwMDAwMDAwMDAwfX0=",
          "dependencies": [
            "azurerm_resource_group.rg",
            "azurerm_virtual_network.vnet"
          ]
        }
      ]
    },
    {
      "mode": "managed",
      "type": "azurerm_virtual_network",
      "name": "vnet",
      "provider": "provider[\"registry.terraform.io/hashicorp/azurerm\"]",
      "instances": [
        {
          "schema_version": 0,
          "attributes": {
            "address_space": [
              "172.16.0.0/24"
            ],
            "bgp_community": "",
            "ddos_protection_plan": [],
            "dns_servers": [],
            "edge_zone": "",
            "encryption": [],
            "flow_timeout_in_minutes": 0,
            "guid": "78fcb4c7-5f21-4f77-9430-9f0729e2e956",
            "id": "/subscriptions/9132cd79-25ee-47ba-ab92-d4b83a146b21/resourceGroups/rg-thymond-test/providers/Microsoft.Network/virtualNetworks/vnet-rhym-poc-eus2",
            "location": "eastus2",
            "name": "vnet-rhym-poc-eus2",
            "resource_group_name": "rg-thymond-test",
            "subnet": [
              {
                "address_prefix": "172.16.0.0/26",
                "id": "/subscriptions/9132cd79-25ee-47ba-ab92-d4b83a146b21/resourceGroups/rg-thymond-test/providers/Microsoft.Network/virtualNetworks/vnet-rhym-poc-eus2/subnets/app-snet",
                "name": "app-snet",
                "security_group": ""
              },
              {
                "address_prefix": "172.16.0.128/28",
                "id": "/subscriptions/9132cd79-25ee-47ba-ab92-d4b83a146b21/resourceGroups/rg-thymond-test/providers/Microsoft.Network/virtualNetworks/vnet-rhym-poc-eus2/subnets/app2-snet",
                "name": "app2-snet",
                "security_group": ""
              },
              {
                "address_prefix": "172.16.0.64/26",
                "id": "/subscriptions/9132cd79-25ee-47ba-ab92-d4b83a146b21/resourceGroups/rg-thymond-test/providers/Microsoft.Network/virtualNetworks/vnet-rhym-poc-eus2/subnets/private-snet",
                "name": "private-snet",
                "security_group": ""
              }
            ],
            "tags": {},
            "timeouts": null
          },
          "sensitive_attributes": [],
          "private": "eyJlMmJmYjczMC1lY2FhLTExZTYtOGY4OC0zNDM2M2JjN2M0YzAiOnsiY3JlYXRlIjoxODAwMDAwMDAwMDAwLCJkZWxldGUiOjE4MDAwMDAwMDAwMDAsInJlYWQiOjMwMDAwMDAwMDAwMCwidXBkYXRlIjoxODAwMDAwMDAwMDAwfX0=",
          "dependencies": [
            "azurerm_resource_group.rg"
          ]
        }
      ]
    }
  ],
  "check_results": null
}
